
Microsoft Visual Studio Solution File, Format Version 12.00
# Visual Studio Version 16
VisualStudioVersion = 16.0.29926.136
MinimumVisualStudioVersion = 10.0.40219.1
Project("{FAE04EC0-301F-11D3-BF4B-00C04F79EFBC}") = "Klasy", "Klasy\Klasy.csproj", "{F1F774CE-0737-4DF4-B457-41B62D7510DA}"
EndProject
Project("{FAE04EC0-301F-11D3-BF4B-00C04F79EFBC}") = "Dziedziczenie", "Dziedziczenie\Dziedziczenie.csproj", "{53825058-944E-4A3A-AE36-E7957DB98325}"
EndProject
Project("{FAE04EC0-301F-11D3-BF4B-00C04F79EFBC}") = "MiniShop", "MiniShop\MiniShop.csproj", "{0941C5AB-61E7-4F96-A069-334456F00C1B}"
EndProject
Global
	GlobalSection(SolutionConfigurationPlatforms) = preSolution
		Debug|Any CPU = Debug|Any CPU
		Release|Any CPU = Release|Any CPU
	EndGlobalSection
	GlobalSection(ProjectConfigurationPlatforms) = postSolution
		{F1F774CE-0737-4DF4-B457-41B62D7510DA}.Debug|Any CPU.ActiveCfg = Debug|Any CPU
		{F1F774CE-0737-4DF4-B457-41B62D7510DA}.Debug|Any CPU.Build.0 = Debug|Any CPU
		{F1F774CE-0737-4DF4-B457-41B62D7510DA}.Release|Any CPU.ActiveCfg = Release|Any CPU
		{F1F774CE-0737-4DF4-B457-41B62D7510DA}.Release|Any CPU.Build.0 = Release|Any CPU
		{53825058-944E-4A3A-AE36-E7957DB98325}.Debug|Any CPU.ActiveCfg = Debug|Any CPU
		{53825058-944E-4A3A-AE36-E7957DB98325}.Debug|Any CPU.Build.0 = Debug|Any CPU
		{53825058-944E-4A3A-AE36-E7957DB98325}.Release|Any CPU.ActiveCfg = Release|Any CPU
		{53825058-944E-4A3A-AE36-E7957DB98325}.Release|Any CPU.Build.0 = Release|Any CPU
		{0941C5AB-61E7-4F96-A069-334456F00C1B}.Debug|Any CPU.ActiveCfg = Debug|Any CPU
		{0941C5AB-61E7-4F96-A069-334456F00C1B}.Debug|Any CPU.Build.0 = Debug|Any CPU
		{0941C5AB-61E7-4F96-A069-334456F00C1B}.Release|Any CPU.ActiveCfg = Release|Any CPU
		{0941C5AB-61E7-4F96-A069-334456F00C1B}.Release|Any CPU.Build.0 = Release|Any CPU
	EndGlobalSection
	GlobalSection(SolutionProperties) = preSolution
		HideSolutionNode = FALSE
	EndGlobalSection
	GlobalSection(ExtensibilityGlobals) = postSolution
		SolutionGuid = {8D5A7AE3-147A-47FA-B0CD-67E7DB6327F1}
	EndGlobalSection
EndGlobal
